
Microsoft Visual Studio Solution File, Format Version 12.00
# Visual Studio Version 17
VisualStudioVersion = 17.0.31903.59
MinimumVisualStudioVersion = 10.0.40219.1
Project("{9A19103F-16F7-4668-BE54-9A1E7A4F7556}") = "CarWorkshop.MVC", "CarWorkshop.MVC\CarWorkshop.MVC.csproj", "{A35F4D3C-6065-4492-B7B5-F8B8586365A0}"
EndProject
Project("{9A19103F-16F7-4668-BE54-9A1E7A4F7556}") = "CarWorkshop.Domain", "CarWorkshop.Domain\CarWorkshop.Domain.csproj", "{81A48678-8D73-486D-9A6D-22B5BEDB59DF}"
EndProject
Project("{9A19103F-16F7-4668-BE54-9A1E7A4F7556}") = "CarWorkshop.Application", "CarWorkshop.Application\CarWorkshop.Application.csproj", "{7C066880-00EA-4B06-8E80-415E308B8FDA}"
EndProject
Project("{9A19103F-16F7-4668-BE54-9A1E7A4F7556}") = "CarWorkshop.Infrastructure", "CarWorkshop.Infrastructure\CarWorkshop.Infrastructure.csproj", "{BB722DFE-C004-4A94-95E3-35FEC3563971}"
EndProject
Global
	GlobalSection(SolutionConfigurationPlatforms) = preSolution
		Debug|Any CPU = Debug|Any CPU
		Release|Any CPU = Release|Any CPU
	EndGlobalSection
	GlobalSection(ProjectConfigurationPlatforms) = postSolution
		{A35F4D3C-6065-4492-B7B5-F8B8586365A0}.Debug|Any CPU.ActiveCfg = Debug|Any CPU
		{A35F4D3C-6065-4492-B7B5-F8B8586365A0}.Debug|Any CPU.Build.0 = Debug|Any CPU
		{A35F4D3C-6065-4492-B7B5-F8B8586365A0}.Release|Any CPU.ActiveCfg = Release|Any CPU
		{A35F4D3C-6065-4492-B7B5-F8B8586365A0}.Release|Any CPU.Build.0 = Release|Any CPU
		{81A48678-8D73-486D-9A6D-22B5BEDB59DF}.Debug|Any CPU.ActiveCfg = Debug|Any CPU
		{81A48678-8D73-486D-9A6D-22B5BEDB59DF}.Debug|Any CPU.Build.0 = Debug|Any CPU
		{81A48678-8D73-486D-9A6D-22B5BEDB59DF}.Release|Any CPU.ActiveCfg = Release|Any CPU
		{81A48678-8D73-486D-9A6D-22B5BEDB59DF}.Release|Any CPU.Build.0 = Release|Any CPU
		{7C066880-00EA-4B06-8E80-415E308B8FDA}.Debug|Any CPU.ActiveCfg = Debug|Any CPU
		{7C066880-00EA-4B06-8E80-415E308B8FDA}.Debug|Any CPU.Build.0 = Debug|Any CPU
		{7C066880-00EA-4B06-8E80-415E308B8FDA}.Release|Any CPU.ActiveCfg = Release|Any CPU
		{7C066880-00EA-4B06-8E80-415E308B8FDA}.Release|Any CPU.Build.0 = Release|Any CPU
		{BB722DFE-C004-4A94-95E3-35FEC3563971}.Debug|Any CPU.ActiveCfg = Debug|Any CPU
		{BB722DFE-C004-4A94-95E3-35FEC3563971}.Debug|Any CPU.Build.0 = Debug|Any CPU
		{BB722DFE-C004-4A94-95E3-35FEC3563971}.Release|Any CPU.ActiveCfg = Release|Any CPU
		{BB722DFE-C004-4A94-95E3-35FEC3563971}.Release|Any CPU.Build.0 = Release|Any CPU
	EndGlobalSection
	GlobalSection(SolutionProperties) = preSolution
		HideSolutionNode = FALSE
	EndGlobalSection
	GlobalSection(ExtensibilityGlobals) = postSolution
		SolutionGuid = {6E981449-38ED-4619-A666-543333E8E51E}
	EndGlobalSection
EndGlobal
